
Microsoft Visual Studio Solution File, Format Version 12.00
# Visual Studio Version 17
VisualStudioVersion = 17.3.32929.385
MinimumVisualStudioVersion = 10.0.40219.1
Project("{FAE04EC0-301F-11D3-BF4B-00C04F79EFBC}") = "DownloadMusic", "DownloadMusic\DownloadMusic.csproj", "{C9473334-DBF3-4DEB-AB0B-09980B6D8425}"
EndProject
Global
	GlobalSection(SolutionConfigurationPlatforms) = preSolution
		Debug|Any CPU = Debug|Any CPU
		Release|Any CPU = Release|Any CPU
	EndGlobalSection
	GlobalSection(ProjectConfigurationPlatforms) = postSolution
		{C9473334-DBF3-4DEB-AB0B-09980B6D8425}.Debug|Any CPU.ActiveCfg = Debug|Any CPU
		{C9473334-DBF3-4DEB-AB0B-09980B6D8425}.Debug|Any CPU.Build.0 = Debug|Any CPU
		{C9473334-DBF3-4DEB-AB0B-09980B6D8425}.Release|Any CPU.ActiveCfg = Release|Any CPU
		{C9473334-DBF3-4DEB-AB0B-09980B6D8425}.Release|Any CPU.Build.0 = Release|Any CPU
	EndGlobalSection
	GlobalSection(SolutionProperties) = preSolution
		HideSolutionNode = FALSE
	EndGlobalSection
	GlobalSection(ExtensibilityGlobals) = postSolution
		SolutionGuid = {87E03B31-2ABB-4197-BA7D-C6D057E887AC}
	EndGlobalSection
EndGlobal
