
Microsoft Visual Studio Solution File, Format Version 12.00
# Visual Studio Version 17
VisualStudioVersion = 17.3.32804.467
MinimumVisualStudioVersion = 10.0.40219.1
Project("{FAE04EC0-301F-11D3-BF4B-00C04F79EFBC}") = "DigitalSign", "DigitalSign\DigitalSign.csproj", "{B013CCEC-9B36-46FF-850A-9FE3A0E02821}"
EndProject
Global
	GlobalSection(SolutionConfigurationPlatforms) = preSolution
		Debug|Any CPU = Debug|Any CPU
		Release|Any CPU = Release|Any CPU
	EndGlobalSection
	GlobalSection(ProjectConfigurationPlatforms) = postSolution
		{B013CCEC-9B36-46FF-850A-9FE3A0E02821}.Debug|Any CPU.ActiveCfg = Debug|Any CPU
		{B013CCEC-9B36-46FF-850A-9FE3A0E02821}.Debug|Any CPU.Build.0 = Debug|Any CPU
		{B013CCEC-9B36-46FF-850A-9FE3A0E02821}.Release|Any CPU.ActiveCfg = Release|Any CPU
		{B013CCEC-9B36-46FF-850A-9FE3A0E02821}.Release|Any CPU.Build.0 = Release|Any CPU
	EndGlobalSection
	GlobalSection(SolutionProperties) = preSolution
		HideSolutionNode = FALSE
	EndGlobalSection
	GlobalSection(ExtensibilityGlobals) = postSolution
		SolutionGuid = {20E60CF5-33E3-40F7-B8DE-EC406E9EBFA7}
	EndGlobalSection
EndGlobal
